PODS:
  - Capacitor (5.7.3):
    - CapacitorCordova
  - CapacitorApp (5.0.7):
    - Capacitor
  - CapacitorCordova (5.7.3)
  - CapacitorDevice (5.0.7):
    - Capacitor
  - CapacitorPluginSafeArea (2.0.6):
    - Capacitor

DEPENDENCIES:
  - "Capacitor (from `../../node_modules/.pnpm/@capacitor+ios@5.7.3_@capacitor+core@5.7.3/node_modules/@capacitor/ios`)"
  - "CapacitorApp (from `../../node_modules/.pnpm/@capacitor+app@5.0.7_@capacitor+core@5.7.3/node_modules/@capacitor/app`)"
  - "CapacitorCordova (from `../../node_modules/.pnpm/@capacitor+ios@5.7.3_@capacitor+core@5.7.3/node_modules/@capacitor/ios`)"
  - "CapacitorDevice (from `../../node_modules/.pnpm/@capacitor+device@5.0.7_@capacitor+core@5.7.3/node_modules/@capacitor/device`)"
  - "CapacitorPluginSafeArea (from `../../node_modules/.pnpm/capacitor-plugin-safe-area@2.0.6_@capacitor+core@5.7.3/node_modules/capacitor-plugin-safe-area`)"

EXTERNAL SOURCES:
  Capacitor:
    :path: "../../node_modules/.pnpm/@capacitor+ios@5.7.3_@capacitor+core@5.7.3/node_modules/@capacitor/ios"
  CapacitorApp:
    :path: "../../node_modules/.pnpm/@capacitor+app@5.0.7_@capacitor+core@5.7.3/node_modules/@capacitor/app"
  CapacitorCordova:
    :path: "../../node_modules/.pnpm/@capacitor+ios@5.7.3_@capacitor+core@5.7.3/node_modules/@capacitor/ios"
  CapacitorDevice:
    :path: "../../node_modules/.pnpm/@capacitor+device@5.0.7_@capacitor+core@5.7.3/node_modules/@capacitor/device"
  CapacitorPluginSafeArea:
    :path: "../../node_modules/.pnpm/capacitor-plugin-safe-area@2.0.6_@capacitor+core@5.7.3/node_modules/capacitor-plugin-safe-area"

SPEC CHECKSUMS:
  Capacitor: 7b5eb47c6125e9b58a3e3cd02fe366fc58adc89c
  CapacitorApp: 17fecd0e6cb23feafac7eb0939417389038b0979
  CapacitorCordova: a377c52a28dbb3b895c0f71187f7b1777fee69db
  CapacitorDevice: fc91bdb484dc0e70755e9b621cd557afe642613a
  CapacitorPluginSafeArea: d55e4d4e70c98f611240f11dd80561438d0d70cb

PODFILE CHECKSUM: 89a5714cba4786a87af8a87cf320feed649e8d67

COCOAPODS: 1.15.2
